
Microsoft Visual Studio Solution File, Format Version 12.00
# Visual Studio Version 16
VisualStudioVersion = 16.0.30523.141
MinimumVisualStudioVersion = 10.0.40219.1
Project("{FAE04EC0-301F-11D3-BF4B-00C04F79EFBC}") = "WindowsFormsApp1", "WindowsFormsApp1.csproj", "{030BFC0C-D2F1-4E8D-9EEA-EA5F6293BA1B}"
EndProject
Global
	GlobalSection(SolutionConfigurationPlatforms) = preSolution
		Debug|Any CPU = Debug|Any CPU
		Release|Any CPU = Release|Any CPU
	EndGlobalSection
	GlobalSection(ProjectConfigurationPlatforms) = postSolution
		{030BFC0C-D2F1-4E8D-9EEA-EA5F6293BA1B}.Debug|Any CPU.ActiveCfg = Debug|Any CPU
		{030BFC0C-D2F1-4E8D-9EEA-EA5F6293BA1B}.Debug|Any CPU.Build.0 = Debug|Any CPU
		{030BFC0C-D2F1-4E8D-9EEA-EA5F6293BA1B}.Release|Any CPU.ActiveCfg = Release|Any CPU
		{030BFC0C-D2F1-4E8D-9EEA-EA5F6293BA1B}.Release|Any CPU.Build.0 = Release|Any CPU
	EndGlobalSection
	GlobalSection(SolutionProperties) = preSolution
		HideSolutionNode = FALSE
	EndGlobalSection
	GlobalSection(ExtensibilityGlobals) = postSolution
		SolutionGuid = {4357CAAD-CCD2-4881-87B9-6878CC0BF2C1}
	EndGlobalSection
EndGlobal
